
Microsoft Visual Studio Solution File, Format Version 12.00
# Visual Studio Version 17
VisualStudioVersion = 17.8.34322.80
MinimumVisualStudioVersion = 10.0.40219.1
Project("{FAE04EC0-301F-11D3-BF4B-00C04F79EFBC}") = "TradingApp", "TradingApp\TradingApp.csproj", "{BDBCFDD0-1938-43DB-9481-099BE9E51EE4}"
EndProject
Project("{E53339B2-1760-4266-BCC7-CA923CBCF16C}") = "docker-compose", "docker-compose.dcproj", "{4506F227-8748-49B7-95E7-50FBD2EE7F68}"
EndProject
Global
	GlobalSection(SolutionConfigurationPlatforms) = preSolution
		Debug|Any CPU = Debug|Any CPU
		Release|Any CPU = Release|Any CPU
	EndGlobalSection
	GlobalSection(ProjectConfigurationPlatforms) = postSolution
		{BDBCFDD0-1938-43DB-9481-099BE9E51EE4}.Debug|Any CPU.ActiveCfg = Debug|Any CPU
		{BDBCFDD0-1938-43DB-9481-099BE9E51EE4}.Debug|Any CPU.Build.0 = Debug|Any CPU
		{BDBCFDD0-1938-43DB-9481-099BE9E51EE4}.Release|Any CPU.ActiveCfg = Release|Any CPU
		{BDBCFDD0-1938-43DB-9481-099BE9E51EE4}.Release|Any CPU.Build.0 = Release|Any CPU
		{4506F227-8748-49B7-95E7-50FBD2EE7F68}.Debug|Any CPU.ActiveCfg = Debug|Any CPU
		{4506F227-8748-49B7-95E7-50FBD2EE7F68}.Debug|Any CPU.Build.0 = Debug|Any CPU
		{4506F227-8748-49B7-95E7-50FBD2EE7F68}.Release|Any CPU.ActiveCfg = Release|Any CPU
		{4506F227-8748-49B7-95E7-50FBD2EE7F68}.Release|Any CPU.Build.0 = Release|Any CPU
	EndGlobalSection
	GlobalSection(SolutionProperties) = preSolution
		HideSolutionNode = FALSE
	EndGlobalSection
	GlobalSection(ExtensibilityGlobals) = postSolution
		SolutionGuid = {004EC9B9-5408-476C-9E15-E7705BEA6E2F}
	EndGlobalSection
EndGlobal
